
Microsoft Visual Studio Solution File, Format Version 12.00
# Visual Studio Version 17
VisualStudioVersion = 17.3.32819.101
MinimumVisualStudioVersion = 10.0.40219.1
Project("{2150E333-8FDC-42A3-9474-1A3956D46DE8}") = "02.ENVIRONMENT", "02.ENVIRONMENT", "{536B6BBE-F694-4962-95E8-A5D8ACDD12CC}"
	ProjectSection(SolutionItems) = preProject
		.gitignore = .gitignore
	EndProjectSection
EndProject
Project("{2150E333-8FDC-42A3-9474-1A3956D46DE8}") = "03.SOURCE", "03.SOURCE", "{D1F9F57B-51FC-4F8E-BE94-27F2E1C28348}"
EndProject
Project("{2150E333-8FDC-42A3-9474-1A3956D46DE8}") = "05.SUBREPOS", "05.SUBREPOS", "{F445625F-C30D-463B-87AD-D1C549481D6F}"
EndProject
Project("{2150E333-8FDC-42A3-9474-1A3956D46DE8}") = "BASE", "BASE", "{B0D575E0-0AE6-48BC-90E2-9E1ED018DCB0}"
EndProject
Project("{9A19103F-16F7-4668-BE54-9A1E7A4F7556}") = "71.App.Base.Shared", "SUBREPOS\BASE\00.Source\LIB.BASE\App.Base.Shared\71.App.Base.Shared.csproj", "{8402DEC9-2F8F-4518-B34E-1B048409C881}"
EndProject
Project("{9A19103F-16F7-4668-BE54-9A1E7A4F7556}") = "51.App.Base.Domain", "SUBREPOS\BASE\00.Source\LIB.BASE\App.Base.Domain\51.App.Base.Domain.csproj", "{1DA21E46-834D-4D26-8312-3FCE3024AF5B}"
EndProject
Project("{9A19103F-16F7-4668-BE54-9A1E7A4F7556}") = "61.App.Base.Infrastructure", "SUBREPOS\BASE\00.Source\LIB.BASE\App.Base.Infrastructure\61.App.Base.Infrastructure.csproj", "{FA26B600-7B6F-4D84-9698-5F5CB8029C08}"
EndProject
Project("{9A19103F-16F7-4668-BE54-9A1E7A4F7556}") = "62.App.Base.Infrastructure.Data.Storage.Db.EF", "SUBREPOS\BASE\00.Source\LIB.BASE\App.Base.Infrastructure.Storage.EF\62.App.Base.Infrastructure.Data.Storage.Db.EF.csproj", "{D78082BC-0B18-4DDE-8ECA-C638BCEB83EA}"
EndProject
Project("{9A19103F-16F7-4668-BE54-9A1E7A4F7556}") = "31.App.Base.Presentation.Web", "SUBREPOS\BASE\00.Source\LIB.BASE\App.Base.Presentation.Web\31.App.Base.Presentation.Web.csproj", "{830EA39F-C06A-472D-A361-E1F099205CEC}"
EndProject
Project("{9A19103F-16F7-4668-BE54-9A1E7A4F7556}") = "41.App.Base.Application", "SUBREPOS\BASE\00.Source\LIB.BASE\App.Base.Application\41.App.Base.Application.csproj", "{4CA3E237-DACE-4D45-87A2-AC4F34E86430}"
EndProject
Project("{9A19103F-16F7-4668-BE54-9A1E7A4F7556}") = "21.App.Base.IoC.Autofac", "SUBREPOS\BASE\00.Source\LIB.BASE\App.Base.IoC.Autofac\21.App.Base.IoC.Autofac.csproj", "{6EF1AB3F-1063-4D37-9ADF-8C9ADD060707}"
EndProject
Project("{9A19103F-16F7-4668-BE54-9A1E7A4F7556}") = "21.App.Base.IoC.Lamar", "SUBREPOS\BASE\00.Source\LIB.BASE\App.Base.Infrastructure.IoC.Lamar\21.App.Base.IoC.Lamar.csproj", "{ED70BA36-5038-4897-9846-F0918C1E874C}"
EndProject
Project("{2150E333-8FDC-42A3-9474-1A3956D46DE8}") = "03.SERVICE.CLIENT", "03.SERVICE.CLIENT", "{D981BB0D-40A4-43A7-8AD7-041B95F35F09}"
EndProject
Project("{9A19103F-16F7-4668-BE54-9A1E7A4F7556}") = "App.Service.Host", "App.Service.Host.Web.Dev\App.Service.Host.csproj", "{0D4B07ED-3FB7-4D74-B0FD-719F22EA42E7}"
EndProject
Project("{54A90642-561A-4BB1-A94E-469ADEE60C69}") = "App.Service.Client.Web", "SUBREPOS\BASE.Jump.Dev.Client\App.Service.Client.Web\App.Service.Client.Web.esproj", "{B785418E-3A01-4252-BD3F-3BD6EA945CE4}"
EndProject
Global
	GlobalSection(SolutionConfigurationPlatforms) = preSolution
		Debug|Any CPU = Debug|Any CPU
		Release|Any CPU = Release|Any CPU
	EndGlobalSection
	GlobalSection(ProjectConfigurationPlatforms) = postSolution
		{8402DEC9-2F8F-4518-B34E-1B048409C881}.Debug|Any CPU.ActiveCfg = Debug|Any CPU
		{8402DEC9-2F8F-4518-B34E-1B048409C881}.Debug|Any CPU.Build.0 = Debug|Any CPU
		{8402DEC9-2F8F-4518-B34E-1B048409C881}.Release|Any CPU.ActiveCfg = Release|Any CPU
		{8402DEC9-2F8F-4518-B34E-1B048409C881}.Release|Any CPU.Build.0 = Release|Any CPU
		{1DA21E46-834D-4D26-8312-3FCE3024AF5B}.Debug|Any CPU.ActiveCfg = Debug|Any CPU
		{1DA21E46-834D-4D26-8312-3FCE3024AF5B}.Debug|Any CPU.Build.0 = Debug|Any CPU
		{1DA21E46-834D-4D26-8312-3FCE3024AF5B}.Release|Any CPU.ActiveCfg = Release|Any CPU
		{1DA21E46-834D-4D26-8312-3FCE3024AF5B}.Release|Any CPU.Build.0 = Release|Any CPU
		{FA26B600-7B6F-4D84-9698-5F5CB8029C08}.Debug|Any CPU.ActiveCfg = Debug|Any CPU
		{FA26B600-7B6F-4D84-9698-5F5CB8029C08}.Debug|Any CPU.Build.0 = Debug|Any CPU
		{FA26B600-7B6F-4D84-9698-5F5CB8029C08}.Release|Any CPU.ActiveCfg = Release|Any CPU
		{FA26B600-7B6F-4D84-9698-5F5CB8029C08}.Release|Any CPU.Build.0 = Release|Any CPU
		{D78082BC-0B18-4DDE-8ECA-C638BCEB83EA}.Debug|Any CPU.ActiveCfg = Debug|Any CPU
		{D78082BC-0B18-4DDE-8ECA-C638BCEB83EA}.Debug|Any CPU.Build.0 = Debug|Any CPU
		{D78082BC-0B18-4DDE-8ECA-C638BCEB83EA}.Release|Any CPU.ActiveCfg = Release|Any CPU
		{D78082BC-0B18-4DDE-8ECA-C638BCEB83EA}.Release|Any CPU.Build.0 = Release|Any CPU
		{830EA39F-C06A-472D-A361-E1F099205CEC}.Debug|Any CPU.ActiveCfg = Debug|Any CPU
		{830EA39F-C06A-472D-A361-E1F099205CEC}.Debug|Any CPU.Build.0 = Debug|Any CPU
		{830EA39F-C06A-472D-A361-E1F099205CEC}.Release|Any CPU.ActiveCfg = Release|Any CPU
		{830EA39F-C06A-472D-A361-E1F099205CEC}.Release|Any CPU.Build.0 = Release|Any CPU
		{4CA3E237-DACE-4D45-87A2-AC4F34E86430}.Debug|Any CPU.ActiveCfg = Debug|Any CPU
		{4CA3E237-DACE-4D45-87A2-AC4F34E86430}.Debug|Any CPU.Build.0 = Debug|Any CPU
		{4CA3E237-DACE-4D45-87A2-AC4F34E86430}.Release|Any CPU.ActiveCfg = Release|Any CPU
		{4CA3E237-DACE-4D45-87A2-AC4F34E86430}.Release|Any CPU.Build.0 = Release|Any CPU
		{6EF1AB3F-1063-4D37-9ADF-8C9ADD060707}.Debug|Any CPU.ActiveCfg = Debug|Any CPU
		{6EF1AB3F-1063-4D37-9ADF-8C9ADD060707}.Debug|Any CPU.Build.0 = Debug|Any CPU
		{6EF1AB3F-1063-4D37-9ADF-8C9ADD060707}.Release|Any CPU.ActiveCfg = Release|Any CPU
		{6EF1AB3F-1063-4D37-9ADF-8C9ADD060707}.Release|Any CPU.Build.0 = Release|Any CPU
		{ED70BA36-5038-4897-9846-F0918C1E874C}.Debug|Any CPU.ActiveCfg = Debug|Any CPU
		{ED70BA36-5038-4897-9846-F0918C1E874C}.Debug|Any CPU.Build.0 = Debug|Any CPU
		{ED70BA36-5038-4897-9846-F0918C1E874C}.Release|Any CPU.ActiveCfg = Release|Any CPU
		{ED70BA36-5038-4897-9846-F0918C1E874C}.Release|Any CPU.Build.0 = Release|Any CPU
		{0D4B07ED-3FB7-4D74-B0FD-719F22EA42E7}.Debug|Any CPU.ActiveCfg = Debug|Any CPU
		{0D4B07ED-3FB7-4D74-B0FD-719F22EA42E7}.Debug|Any CPU.Build.0 = Debug|Any CPU
		{0D4B07ED-3FB7-4D74-B0FD-719F22EA42E7}.Release|Any CPU.ActiveCfg = Release|Any CPU
		{0D4B07ED-3FB7-4D74-B0FD-719F22EA42E7}.Release|Any CPU.Build.0 = Release|Any CPU
		{B785418E-3A01-4252-BD3F-3BD6EA945CE4}.Debug|Any CPU.ActiveCfg = Debug|Any CPU
		{B785418E-3A01-4252-BD3F-3BD6EA945CE4}.Debug|Any CPU.Build.0 = Debug|Any CPU
		{B785418E-3A01-4252-BD3F-3BD6EA945CE4}.Debug|Any CPU.Deploy.0 = Debug|Any CPU
		{B785418E-3A01-4252-BD3F-3BD6EA945CE4}.Release|Any CPU.ActiveCfg = Release|Any CPU
		{B785418E-3A01-4252-BD3F-3BD6EA945CE4}.Release|Any CPU.Build.0 = Release|Any CPU
		{B785418E-3A01-4252-BD3F-3BD6EA945CE4}.Release|Any CPU.Deploy.0 = Release|Any CPU
	EndGlobalSection
	GlobalSection(SolutionProperties) = preSolution
		HideSolutionNode = FALSE
	EndGlobalSection
	GlobalSection(NestedProjects) = preSolution
		{B0D575E0-0AE6-48BC-90E2-9E1ED018DCB0} = {F445625F-C30D-463B-87AD-D1C549481D6F}
		{8402DEC9-2F8F-4518-B34E-1B048409C881} = {B0D575E0-0AE6-48BC-90E2-9E1ED018DCB0}
		{1DA21E46-834D-4D26-8312-3FCE3024AF5B} = {B0D575E0-0AE6-48BC-90E2-9E1ED018DCB0}
		{FA26B600-7B6F-4D84-9698-5F5CB8029C08} = {B0D575E0-0AE6-48BC-90E2-9E1ED018DCB0}
		{D78082BC-0B18-4DDE-8ECA-C638BCEB83EA} = {B0D575E0-0AE6-48BC-90E2-9E1ED018DCB0}
		{830EA39F-C06A-472D-A361-E1F099205CEC} = {B0D575E0-0AE6-48BC-90E2-9E1ED018DCB0}
		{4CA3E237-DACE-4D45-87A2-AC4F34E86430} = {B0D575E0-0AE6-48BC-90E2-9E1ED018DCB0}
		{6EF1AB3F-1063-4D37-9ADF-8C9ADD060707} = {B0D575E0-0AE6-48BC-90E2-9E1ED018DCB0}
		{ED70BA36-5038-4897-9846-F0918C1E874C} = {B0D575E0-0AE6-48BC-90E2-9E1ED018DCB0}
		{D981BB0D-40A4-43A7-8AD7-041B95F35F09} = {F445625F-C30D-463B-87AD-D1C549481D6F}
		{0D4B07ED-3FB7-4D74-B0FD-719F22EA42E7} = {D1F9F57B-51FC-4F8E-BE94-27F2E1C28348}
		{B785418E-3A01-4252-BD3F-3BD6EA945CE4} = {D981BB0D-40A4-43A7-8AD7-041B95F35F09}
	EndGlobalSection
	GlobalSection(ExtensibilityGlobals) = postSolution
		SolutionGuid = {C5F694B0-49EB-4B71-BAA9-4CD837CD9D71}
	EndGlobalSection
EndGlobal
