
Microsoft Visual Studio Solution File, Format Version 12.00
# Visual Studio Version 17
VisualStudioVersion = 17.3.32819.101
MinimumVisualStudioVersion = 10.0.40219.1
Project("{2150E333-8FDC-42A3-9474-1A3956D46DE8}") = "02.ENVIRONMENT", "02.ENVIRONMENT", "{536B6BBE-F694-4962-95E8-A5D8ACDD12CC}"
	ProjectSection(SolutionItems) = preProject
		.gitignore = .gitignore
	EndProjectSection
EndProject
Project("{2150E333-8FDC-42A3-9474-1A3956D46DE8}") = "03.SOURCE", "03.SOURCE", "{D1F9F57B-51FC-4F8E-BE94-27F2E1C28348}"
EndProject
Project("{2150E333-8FDC-42A3-9474-1A3956D46DE8}") = "09.SUBREPOS", "09.SUBREPOS", "{F445625F-C30D-463B-87AD-D1C549481D6F}"
	ProjectSection(SolutionItems) = preProject
		SUBREPOS\readme.md = SUBREPOS\readme.md
	EndProjectSection
EndProject


Project("{2150E333-8FDC-42A3-9474-1A3956D46DE8}") = "02.BASE", "02.BASE", "{B0D575E0-0AE6-48BC-90E2-9E1ED018DCB0}"
EndProject
Project("{9A19103F-16F7-4668-BE54-9A1E7A4F7556}") = "71.App.Base.Shared", "..\SUBREPOS\BASE\SOURCE\App.Base.Shared\71.App.Base.Shared.csproj", "{8402DEC9-2F8F-4518-B34E-1B048409C881}"
EndProject
Project("{9A19103F-16F7-4668-BE54-9A1E7A4F7556}") = "51.App.Base.Domain", "..\SUBREPOS\BASE\SOURCE\App.Base.Domain\51.App.Base.Domain.csproj", "{1DA21E46-834D-4D26-8312-3FCE3024AF5B}"
EndProject
Project("{9A19103F-16F7-4668-BE54-9A1E7A4F7556}") = "61.App.Base.Infrastructure", "..\SUBREPOS\BASE\SOURCE\App.Base.Infrastructure\61.App.Base.Infrastructure.csproj", "{FA26B600-7B6F-4D84-9698-5F5CB8029C08}"
EndProject
Project("{9A19103F-16F7-4668-BE54-9A1E7A4F7556}") = "62.App.Base.Infrastructure.Data.Storage.Db.EF", "..\SUBREPOS\BASE\SOURCE\App.Base.Infrastructure.Storage.EF\62.App.Base.Infrastructure.Data.Storage.Db.EF.csproj", "{D78082BC-0B18-4DDE-8ECA-C638BCEB83EA}"
EndProject
Project("{9A19103F-16F7-4668-BE54-9A1E7A4F7556}") = "31.App.Base.Presentation.Web", "..\SUBREPOS\BASE\SOURCE\App.Base.Presentation.Web\31.App.Base.Presentation.Web.csproj", "{830EA39F-C06A-472D-A361-E1F099205CEC}"
EndProject
Project("{9A19103F-16F7-4668-BE54-9A1E7A4F7556}") = "41.App.Base.Application", "..\SUBREPOS\BASE\SOURCE\App.Base.Application\41.App.Base.Application.csproj", "{4CA3E237-DACE-4D45-87A2-AC4F34E86430}"
EndProject
Project("{9A19103F-16F7-4668-BE54-9A1E7A4F7556}") = "21.App.Base.IoC.Autofac", "..\SUBREPOS\BASE\SOURCE\App.Base.IoC.Autofac\21.App.Base.IoC.Autofac.csproj", "{6EF1AB3F-1063-4D37-9ADF-8C9ADD060707}"
EndProject
Project("{9A19103F-16F7-4668-BE54-9A1E7A4F7556}") = "21.App.Base.IoC.Lamar", "..\SUBREPOS\BASE\SOURCE\App.Base.Infrastructure.IoC.Lamar\21.App.Base.IoC.Lamar.csproj", "{ED70BA36-5038-4897-9846-F0918C1E874C}"
EndProject
Project("{2150E333-8FDC-42A3-9474-1A3956D46DE8}") = "01.CLIENT", "01.CLIENT", "{D981BB0D-40A4-43A7-8AD7-041B95F35F09}"
EndProject
Project("{9A19103F-16F7-4668-BE54-9A1E7A4F7556}") = "App.Service.Host", "App.Service.Host\App.Service.Host.csproj", "{0D4B07ED-3FB7-4D74-B0FD-719F22EA42E7}"
EndProject
Project("{54A90642-561A-4BB1-A94E-469ADEE60C69}") = "App.Service.Client.Web", "..\SUBREPOS\CLIENT\SOURCE\App.Service.Client.Web\App.Service.Client.Web.esproj", "{160E9F64-C967-4247-AAAE-88195059404D}"
EndProject
Project("{2150E333-8FDC-42A3-9474-1A3956D46DE8}") = "03.MODULES", "03.MODULES", "{F3BC87FD-D627-4639-952B-0A9AB2CF4186}"
EndProject
Project("{9A19103F-16F7-4668-BE54-9A1E7A4F7556}") = "61.App.Modules.KW_TEMPLATE.Shared", "..\SUBREPOS\MODULES.TEMPLATE\SOURCE\App.Modules.KW_TEMPLATE.Shared\61.App.Modules.KW_TEMPLATE.Shared.csproj", "{EFDFD1DA-A651-4998-800A-B615F8374364}"
EndProject
Project("{2150E333-8FDC-42A3-9474-1A3956D46DE8}") = "TEMPLATE", "TEMPLATE", "{5D96F44D-C472-4A4F-98B2-AA82F2C6EA80}"
EndProject
Project("{9A19103F-16F7-4668-BE54-9A1E7A4F7556}") = "51.App.Modules.KW_TEMPLATE.Infrastructure", "..\SUBREPOS\MODULES.TEMPLATE\SOURCE\App.Modules.KW_TEMPLATE.Infrastructure\51.App.Modules.KW_TEMPLATE.Infrastructure.csproj", "{0BBCA423-D15E-4260-BB3E-6C97B51400CD}"
EndProject
Project("{9A19103F-16F7-4668-BE54-9A1E7A4F7556}") = "41.App.Modules.KW_TEMPLATE.Domain", "..\SUBREPOS\MODULES.TEMPLATE\SOURCE\App.Modules.KW_TEMPLATE.Domain\41.App.Modules.KW_TEMPLATE.Domain.csproj", "{86D4D391-339D-4B91-828B-0163177EDBC7}"
EndProject
Project("{9A19103F-16F7-4668-BE54-9A1E7A4F7556}") = "52.App.Modules.KW_TEMPLATE.Infrastructure.Data.Storage.Db.EF", "..\SUBREPOS\MODULES.TEMPLATE\SOURCE\App.Modules.KW_TEMPLATE.Infrastructure.Storage.Db.EF\52.App.Modules.KW_TEMPLATE.Infrastructure.Data.Storage.Db.EF.csproj", "{5BD7F474-1D64-459C-AC5B-93DEF7E4BA2D}"
EndProject
Project("{9A19103F-16F7-4668-BE54-9A1E7A4F7556}") = "31.App.Modules.KW_TEMPLATE.Application", "..\SUBREPOS\MODULES.TEMPLATE\SOURCE\App.Modules.KW_TEMPLATE.Application\31.App.Modules.KW_TEMPLATE.Application.csproj", "{902320E5-E8A7-451F-BE8A-6D2DA5D8B333}"
EndProject
Project("{9A19103F-16F7-4668-BE54-9A1E7A4F7556}") = "21.App.Modules.KW_TEMPLATE.Presentation.Web", "..\SUBREPOS\MODULES.TEMPLATE\SOURCE\App.Modules.KW_TEMPLATE.Presentation.Web\21.App.Modules.KW_TEMPLATE.Presentation.Web.csproj", "{5614BFA9-4359-46E4-9A32-065B88124F45}"
EndProject
Project("{9A19103F-16F7-4668-BE54-9A1E7A4F7556}") = "61.App.Modules.DevSpikes.Shared", "..\SUBREPOS\MODULES.SPIKES\SOURCE\App.Modules.DevSpikes.Shared\61.App.Modules.DevSpikes.Shared.csproj", "{332F0B5B-FF3C-4753-A3F4-5E137D1EA245}"
EndProject
Project("{2150E333-8FDC-42A3-9474-1A3956D46DE8}") = "SPIKES", "SPIKES", "{49077489-F88B-4F15-BCDC-08B152326F1D}"
EndProject
Project("{9A19103F-16F7-4668-BE54-9A1E7A4F7556}") = "41.App.Modules.DevSpikes.Domain", "..\SUBREPOS\MODULES.SPIKES\SOURCE\App.Modules.DevSpikes.Domain\41.App.Modules.DevSpikes.Domain.csproj", "{CE3BCC7A-3D28-4F2E-BB5C-85BF035380AB}"
EndProject
Project("{9A19103F-16F7-4668-BE54-9A1E7A4F7556}") = "51.App.Modules.DevSpikes.Infrastructure", "..\SUBREPOS\MODULES.SPIKES\SOURCE\App.Modules.DevSpikes.Infrastructure\51.App.Modules.DevSpikes.Infrastructure.csproj", "{D6303108-18E0-41C0-B01D-33B91BD7921D}"
EndProject
Project("{9A19103F-16F7-4668-BE54-9A1E7A4F7556}") = "52.App.Modules.DevSpikes.Infrastructure.Data.Storage.Db.EF", "..\SUBREPOS\MODULES.SPIKES\SOURCE\App.Modules.DevSpikes.Infrastructure.EF\52.App.Modules.DevSpikes.Infrastructure.Data.Storage.Db.EF.csproj", "{5204BCE6-100D-475A-8E5A-CBA3AECAB36A}"
EndProject
Project("{9A19103F-16F7-4668-BE54-9A1E7A4F7556}") = "31.App.Modules.DevSpikes.Application", "..\SUBREPOS\MODULES.SPIKES\SOURCE\App.Modules.DevSpikes.Application\31.App.Modules.DevSpikes.Application.csproj", "{3D8645D3-D692-4258-8862-7DE6CB9CDBDD}"
EndProject
Project("{9A19103F-16F7-4668-BE54-9A1E7A4F7556}") = "21.App.Modules.DevSpikes.Presentation.Web", "..\SUBREPOS\MODULES.SPIKES\SOURCE\App.Modules.DevSpikes.Presentation.Web\21.App.Modules.DevSpikes.Presentation.Web.csproj", "{EBC4441B-C5CE-43D6-82D8-9C39631A4E19}"
EndProject
Project("{2150E333-8FDC-42A3-9474-1A3956D46DE8}") = "DEVLEARN", "DEVLEARN", "{655D50FA-9231-4BE3-AC80-574936829F3F}"
EndProject
Project("{9A19103F-16F7-4668-BE54-9A1E7A4F7556}") = "61.App.Modules.DevLearn.Shared", "..\SUBREPOS\MODULES.DEVLEARN\SOURCE\App.Modules.DevLearn.Shared\61.App.Modules.DevLearn.Shared.csproj", "{B096D314-F31D-415E-BA5C-3F6BC8C06E8F}"
EndProject
Project("{9A19103F-16F7-4668-BE54-9A1E7A4F7556}") = "41.App.Modules.DevLearn.Domain", "..\SUBREPOS\MODULES.DEVLEARN\SOURCE\App.Modules.DevLearn.Domain\41.App.Modules.DevLearn.Domain.csproj", "{381072D7-A7E6-42EF-8837-2935BF019DEA}"
EndProject
Project("{9A19103F-16F7-4668-BE54-9A1E7A4F7556}") = "51.App.Modules.DevLearn.Infrastructure", "..\SUBREPOS\MODULES.DEVLEARN\SOURCE\App.Modules.DevLearn.Infrastructure\51.App.Modules.DevLearn.Infrastructure.csproj", "{54A2F92C-64E5-4041-92CC-A69210954334}"
EndProject
Project("{9A19103F-16F7-4668-BE54-9A1E7A4F7556}") = "52.App.Modules.DevLearn.Infrastructure.Data.Storage.Db.EF", "..\SUBREPOS\MODULES.DEVLEARN\SOURCE\App.Modules.DevLearn.Infrastructure.Storage.Db.EF\52.App.Modules.DevLearn.Infrastructure.Data.Storage.Db.EF.csproj", "{28D7E7F0-1688-4321-829B-2F19436D4C19}"
EndProject
Project("{9A19103F-16F7-4668-BE54-9A1E7A4F7556}") = "31.App.Modules.DevLearn.Application", "..\SUBREPOS\MODULES.DEVLEARN\SOURCE\App.Modules.DevLearn.Application\31.App.Modules.DevLearn.Application.csproj", "{562A172F-6E5F-40A7-9CFD-D42C3C2EB6DB}"
EndProject
Project("{9A19103F-16F7-4668-BE54-9A1E7A4F7556}") = "21.App.Modules.DevLearn.Presentation.Web", "..\SUBREPOS\MODULES.DEVLEARN\SOURCE\App.Modules.DevLearn.Presentation.Web\21.App.Modules.DevLearn.Presentation.Web.csproj", "{AEF1EB2E-0346-4457-971D-0F87B0657563}"
EndProject
Project("{2150E333-8FDC-42A3-9474-1A3956D46DE8}") = "CORE", "CORE", "{1B998BCF-06B2-4181-9C7B-37B19E09B928}"
EndProject
Project("{9A19103F-16F7-4668-BE54-9A1E7A4F7556}") = "61.App.Modules.Core.Shared", "..\SUBREPOS\MODULES.CORE\SOURCE\App.Modules.Core.Shared\61.App.Modules.Core.Shared.csproj", "{FD19415C-5AEB-4C7D-A345-C1079101C842}"
EndProject
Project("{9A19103F-16F7-4668-BE54-9A1E7A4F7556}") = "41.App.Modules.Core.Domain", "..\SUBREPOS\MODULES.CORE\SOURCE\App.Modules.Core.Domain\41.App.Modules.Core.Domain.csproj", "{9DD7314E-3FFF-4109-B83C-13601A4FF2FD}"
EndProject
Project("{9A19103F-16F7-4668-BE54-9A1E7A4F7556}") = "51.App.Modules.Core.Infrastructure", "..\SUBREPOS\MODULES.CORE\SOURCE\App.Modules.Core.Infrastructure\51.App.Modules.Core.Infrastructure.csproj", "{EEA3535A-7CA2-47DB-A2B0-612AD69FC2AD}"
EndProject
Project("{9A19103F-16F7-4668-BE54-9A1E7A4F7556}") = "52.App.Modules.Core.Infrastructure.Data.Storage.Db.EF", "..\SUBREPOS\MODULES.CORE\SOURCE\App.Modules.Core.Infrastructure.Storage.Db.EF\52.App.Modules.Core.Infrastructure.Data.Storage.Db.EF.csproj", "{51F5857F-5B7B-4DE3-9F24-2DE5EC0F596D}"
EndProject
Project("{9A19103F-16F7-4668-BE54-9A1E7A4F7556}") = "31.App.Modules.Core.Application", "..\SUBREPOS\MODULES.CORE\SOURCE\App.Modules.Core.Application\31.App.Modules.Core.Application.csproj", "{0ECB7630-5BC0-419B-8E29-662125FDA084}"
EndProject
Project("{9A19103F-16F7-4668-BE54-9A1E7A4F7556}") = "21.App.Modules.Core.Presentation.Web", "..\SUBREPOS\MODULES.CORE\SOURCE\App.Modules.Core.Presentation.Web\21.App.Modules.Core.Presentation.Web.csproj", "{D87C1000-5C0B-498E-8CCA-D94AEF6C760B}"
EndProject
Global
	GlobalSection(SolutionConfigurationPlatforms) = preSolution
		Debug|Any CPU = Debug|Any CPU
		Release|Any CPU = Release|Any CPU
	EndGlobalSection
	GlobalSection(ProjectConfigurationPlatforms) = postSolution
		{8402DEC9-2F8F-4518-B34E-1B048409C881}.Debug|Any CPU.ActiveCfg = Debug|Any CPU
		{8402DEC9-2F8F-4518-B34E-1B048409C881}.Debug|Any CPU.Build.0 = Debug|Any CPU
		{8402DEC9-2F8F-4518-B34E-1B048409C881}.Release|Any CPU.ActiveCfg = Release|Any CPU
		{8402DEC9-2F8F-4518-B34E-1B048409C881}.Release|Any CPU.Build.0 = Release|Any CPU
		{1DA21E46-834D-4D26-8312-3FCE3024AF5B}.Debug|Any CPU.ActiveCfg = Debug|Any CPU
		{1DA21E46-834D-4D26-8312-3FCE3024AF5B}.Debug|Any CPU.Build.0 = Debug|Any CPU
		{1DA21E46-834D-4D26-8312-3FCE3024AF5B}.Release|Any CPU.ActiveCfg = Release|Any CPU
		{1DA21E46-834D-4D26-8312-3FCE3024AF5B}.Release|Any CPU.Build.0 = Release|Any CPU
		{FA26B600-7B6F-4D84-9698-5F5CB8029C08}.Debug|Any CPU.ActiveCfg = Debug|Any CPU
		{FA26B600-7B6F-4D84-9698-5F5CB8029C08}.Debug|Any CPU.Build.0 = Debug|Any CPU
		{FA26B600-7B6F-4D84-9698-5F5CB8029C08}.Release|Any CPU.ActiveCfg = Release|Any CPU
		{FA26B600-7B6F-4D84-9698-5F5CB8029C08}.Release|Any CPU.Build.0 = Release|Any CPU
		{D78082BC-0B18-4DDE-8ECA-C638BCEB83EA}.Debug|Any CPU.ActiveCfg = Debug|Any CPU
		{D78082BC-0B18-4DDE-8ECA-C638BCEB83EA}.Debug|Any CPU.Build.0 = Debug|Any CPU
		{D78082BC-0B18-4DDE-8ECA-C638BCEB83EA}.Release|Any CPU.ActiveCfg = Release|Any CPU
		{D78082BC-0B18-4DDE-8ECA-C638BCEB83EA}.Release|Any CPU.Build.0 = Release|Any CPU
		{830EA39F-C06A-472D-A361-E1F099205CEC}.Debug|Any CPU.ActiveCfg = Debug|Any CPU
		{830EA39F-C06A-472D-A361-E1F099205CEC}.Debug|Any CPU.Build.0 = Debug|Any CPU
		{830EA39F-C06A-472D-A361-E1F099205CEC}.Release|Any CPU.ActiveCfg = Release|Any CPU
		{830EA39F-C06A-472D-A361-E1F099205CEC}.Release|Any CPU.Build.0 = Release|Any CPU
		{4CA3E237-DACE-4D45-87A2-AC4F34E86430}.Debug|Any CPU.ActiveCfg = Debug|Any CPU
		{4CA3E237-DACE-4D45-87A2-AC4F34E86430}.Debug|Any CPU.Build.0 = Debug|Any CPU
		{4CA3E237-DACE-4D45-87A2-AC4F34E86430}.Release|Any CPU.ActiveCfg = Release|Any CPU
		{4CA3E237-DACE-4D45-87A2-AC4F34E86430}.Release|Any CPU.Build.0 = Release|Any CPU
		{6EF1AB3F-1063-4D37-9ADF-8C9ADD060707}.Debug|Any CPU.ActiveCfg = Debug|Any CPU
		{6EF1AB3F-1063-4D37-9ADF-8C9ADD060707}.Debug|Any CPU.Build.0 = Debug|Any CPU
		{6EF1AB3F-1063-4D37-9ADF-8C9ADD060707}.Release|Any CPU.ActiveCfg = Release|Any CPU
		{6EF1AB3F-1063-4D37-9ADF-8C9ADD060707}.Release|Any CPU.Build.0 = Release|Any CPU
		{ED70BA36-5038-4897-9846-F0918C1E874C}.Debug|Any CPU.ActiveCfg = Debug|Any CPU
		{ED70BA36-5038-4897-9846-F0918C1E874C}.Debug|Any CPU.Build.0 = Debug|Any CPU
		{ED70BA36-5038-4897-9846-F0918C1E874C}.Release|Any CPU.ActiveCfg = Release|Any CPU
		{ED70BA36-5038-4897-9846-F0918C1E874C}.Release|Any CPU.Build.0 = Release|Any CPU
		{0D4B07ED-3FB7-4D74-B0FD-719F22EA42E7}.Debug|Any CPU.ActiveCfg = Debug|Any CPU
		{0D4B07ED-3FB7-4D74-B0FD-719F22EA42E7}.Debug|Any CPU.Build.0 = Debug|Any CPU
		{0D4B07ED-3FB7-4D74-B0FD-719F22EA42E7}.Release|Any CPU.ActiveCfg = Release|Any CPU
		{0D4B07ED-3FB7-4D74-B0FD-719F22EA42E7}.Release|Any CPU.Build.0 = Release|Any CPU
		{160E9F64-C967-4247-AAAE-88195059404D}.Debug|Any CPU.ActiveCfg = Debug|Any CPU
		{160E9F64-C967-4247-AAAE-88195059404D}.Debug|Any CPU.Build.0 = Debug|Any CPU
		{160E9F64-C967-4247-AAAE-88195059404D}.Debug|Any CPU.Deploy.0 = Debug|Any CPU
		{160E9F64-C967-4247-AAAE-88195059404D}.Release|Any CPU.ActiveCfg = Release|Any CPU
		{160E9F64-C967-4247-AAAE-88195059404D}.Release|Any CPU.Build.0 = Release|Any CPU
		{160E9F64-C967-4247-AAAE-88195059404D}.Release|Any CPU.Deploy.0 = Release|Any CPU
		{EFDFD1DA-A651-4998-800A-B615F8374364}.Debug|Any CPU.ActiveCfg = Debug|Any CPU
		{EFDFD1DA-A651-4998-800A-B615F8374364}.Debug|Any CPU.Build.0 = Debug|Any CPU
		{EFDFD1DA-A651-4998-800A-B615F8374364}.Release|Any CPU.ActiveCfg = Release|Any CPU
		{EFDFD1DA-A651-4998-800A-B615F8374364}.Release|Any CPU.Build.0 = Release|Any CPU
		{0BBCA423-D15E-4260-BB3E-6C97B51400CD}.Debug|Any CPU.ActiveCfg = Debug|Any CPU
		{0BBCA423-D15E-4260-BB3E-6C97B51400CD}.Debug|Any CPU.Build.0 = Debug|Any CPU
		{0BBCA423-D15E-4260-BB3E-6C97B51400CD}.Release|Any CPU.ActiveCfg = Release|Any CPU
		{0BBCA423-D15E-4260-BB3E-6C97B51400CD}.Release|Any CPU.Build.0 = Release|Any CPU
		{86D4D391-339D-4B91-828B-0163177EDBC7}.Debug|Any CPU.ActiveCfg = Debug|Any CPU
		{86D4D391-339D-4B91-828B-0163177EDBC7}.Debug|Any CPU.Build.0 = Debug|Any CPU
		{86D4D391-339D-4B91-828B-0163177EDBC7}.Release|Any CPU.ActiveCfg = Release|Any CPU
		{86D4D391-339D-4B91-828B-0163177EDBC7}.Release|Any CPU.Build.0 = Release|Any CPU
		{5BD7F474-1D64-459C-AC5B-93DEF7E4BA2D}.Debug|Any CPU.ActiveCfg = Debug|Any CPU
		{5BD7F474-1D64-459C-AC5B-93DEF7E4BA2D}.Debug|Any CPU.Build.0 = Debug|Any CPU
		{5BD7F474-1D64-459C-AC5B-93DEF7E4BA2D}.Release|Any CPU.ActiveCfg = Release|Any CPU
		{5BD7F474-1D64-459C-AC5B-93DEF7E4BA2D}.Release|Any CPU.Build.0 = Release|Any CPU
		{902320E5-E8A7-451F-BE8A-6D2DA5D8B333}.Debug|Any CPU.ActiveCfg = Debug|Any CPU
		{902320E5-E8A7-451F-BE8A-6D2DA5D8B333}.Debug|Any CPU.Build.0 = Debug|Any CPU
		{902320E5-E8A7-451F-BE8A-6D2DA5D8B333}.Release|Any CPU.ActiveCfg = Release|Any CPU
		{902320E5-E8A7-451F-BE8A-6D2DA5D8B333}.Release|Any CPU.Build.0 = Release|Any CPU
		{5614BFA9-4359-46E4-9A32-065B88124F45}.Debug|Any CPU.ActiveCfg = Debug|Any CPU
		{5614BFA9-4359-46E4-9A32-065B88124F45}.Debug|Any CPU.Build.0 = Debug|Any CPU
		{5614BFA9-4359-46E4-9A32-065B88124F45}.Release|Any CPU.ActiveCfg = Release|Any CPU
		{5614BFA9-4359-46E4-9A32-065B88124F45}.Release|Any CPU.Build.0 = Release|Any CPU
		{332F0B5B-FF3C-4753-A3F4-5E137D1EA245}.Debug|Any CPU.ActiveCfg = Debug|Any CPU
		{332F0B5B-FF3C-4753-A3F4-5E137D1EA245}.Debug|Any CPU.Build.0 = Debug|Any CPU
		{332F0B5B-FF3C-4753-A3F4-5E137D1EA245}.Release|Any CPU.ActiveCfg = Release|Any CPU
		{332F0B5B-FF3C-4753-A3F4-5E137D1EA245}.Release|Any CPU.Build.0 = Release|Any CPU
		{CE3BCC7A-3D28-4F2E-BB5C-85BF035380AB}.Debug|Any CPU.ActiveCfg = Debug|Any CPU
		{CE3BCC7A-3D28-4F2E-BB5C-85BF035380AB}.Debug|Any CPU.Build.0 = Debug|Any CPU
		{CE3BCC7A-3D28-4F2E-BB5C-85BF035380AB}.Release|Any CPU.ActiveCfg = Release|Any CPU
		{CE3BCC7A-3D28-4F2E-BB5C-85BF035380AB}.Release|Any CPU.Build.0 = Release|Any CPU
		{D6303108-18E0-41C0-B01D-33B91BD7921D}.Debug|Any CPU.ActiveCfg = Debug|Any CPU
		{D6303108-18E0-41C0-B01D-33B91BD7921D}.Debug|Any CPU.Build.0 = Debug|Any CPU
		{D6303108-18E0-41C0-B01D-33B91BD7921D}.Release|Any CPU.ActiveCfg = Release|Any CPU
		{D6303108-18E0-41C0-B01D-33B91BD7921D}.Release|Any CPU.Build.0 = Release|Any CPU
		{5204BCE6-100D-475A-8E5A-CBA3AECAB36A}.Debug|Any CPU.ActiveCfg = Debug|Any CPU
		{5204BCE6-100D-475A-8E5A-CBA3AECAB36A}.Debug|Any CPU.Build.0 = Debug|Any CPU
		{5204BCE6-100D-475A-8E5A-CBA3AECAB36A}.Release|Any CPU.ActiveCfg = Release|Any CPU
		{5204BCE6-100D-475A-8E5A-CBA3AECAB36A}.Release|Any CPU.Build.0 = Release|Any CPU
		{3D8645D3-D692-4258-8862-7DE6CB9CDBDD}.Debug|Any CPU.ActiveCfg = Debug|Any CPU
		{3D8645D3-D692-4258-8862-7DE6CB9CDBDD}.Debug|Any CPU.Build.0 = Debug|Any CPU
		{3D8645D3-D692-4258-8862-7DE6CB9CDBDD}.Release|Any CPU.ActiveCfg = Release|Any CPU
		{3D8645D3-D692-4258-8862-7DE6CB9CDBDD}.Release|Any CPU.Build.0 = Release|Any CPU
		{EBC4441B-C5CE-43D6-82D8-9C39631A4E19}.Debug|Any CPU.ActiveCfg = Debug|Any CPU
		{EBC4441B-C5CE-43D6-82D8-9C39631A4E19}.Debug|Any CPU.Build.0 = Debug|Any CPU
		{EBC4441B-C5CE-43D6-82D8-9C39631A4E19}.Release|Any CPU.ActiveCfg = Release|Any CPU
		{EBC4441B-C5CE-43D6-82D8-9C39631A4E19}.Release|Any CPU.Build.0 = Release|Any CPU
		{B096D314-F31D-415E-BA5C-3F6BC8C06E8F}.Debug|Any CPU.ActiveCfg = Debug|Any CPU
		{B096D314-F31D-415E-BA5C-3F6BC8C06E8F}.Debug|Any CPU.Build.0 = Debug|Any CPU
		{B096D314-F31D-415E-BA5C-3F6BC8C06E8F}.Release|Any CPU.ActiveCfg = Release|Any CPU
		{B096D314-F31D-415E-BA5C-3F6BC8C06E8F}.Release|Any CPU.Build.0 = Release|Any CPU
		{381072D7-A7E6-42EF-8837-2935BF019DEA}.Debug|Any CPU.ActiveCfg = Debug|Any CPU
		{381072D7-A7E6-42EF-8837-2935BF019DEA}.Debug|Any CPU.Build.0 = Debug|Any CPU
		{381072D7-A7E6-42EF-8837-2935BF019DEA}.Release|Any CPU.ActiveCfg = Release|Any CPU
		{381072D7-A7E6-42EF-8837-2935BF019DEA}.Release|Any CPU.Build.0 = Release|Any CPU
		{54A2F92C-64E5-4041-92CC-A69210954334}.Debug|Any CPU.ActiveCfg = Debug|Any CPU
		{54A2F92C-64E5-4041-92CC-A69210954334}.Debug|Any CPU.Build.0 = Debug|Any CPU
		{54A2F92C-64E5-4041-92CC-A69210954334}.Release|Any CPU.ActiveCfg = Release|Any CPU
		{54A2F92C-64E5-4041-92CC-A69210954334}.Release|Any CPU.Build.0 = Release|Any CPU
		{28D7E7F0-1688-4321-829B-2F19436D4C19}.Debug|Any CPU.ActiveCfg = Debug|Any CPU
		{28D7E7F0-1688-4321-829B-2F19436D4C19}.Debug|Any CPU.Build.0 = Debug|Any CPU
		{28D7E7F0-1688-4321-829B-2F19436D4C19}.Release|Any CPU.ActiveCfg = Release|Any CPU
		{28D7E7F0-1688-4321-829B-2F19436D4C19}.Release|Any CPU.Build.0 = Release|Any CPU
		{562A172F-6E5F-40A7-9CFD-D42C3C2EB6DB}.Debug|Any CPU.ActiveCfg = Debug|Any CPU
		{562A172F-6E5F-40A7-9CFD-D42C3C2EB6DB}.Debug|Any CPU.Build.0 = Debug|Any CPU
		{562A172F-6E5F-40A7-9CFD-D42C3C2EB6DB}.Release|Any CPU.ActiveCfg = Release|Any CPU
		{562A172F-6E5F-40A7-9CFD-D42C3C2EB6DB}.Release|Any CPU.Build.0 = Release|Any CPU
		{AEF1EB2E-0346-4457-971D-0F87B0657563}.Debug|Any CPU.ActiveCfg = Debug|Any CPU
		{AEF1EB2E-0346-4457-971D-0F87B0657563}.Debug|Any CPU.Build.0 = Debug|Any CPU
		{AEF1EB2E-0346-4457-971D-0F87B0657563}.Release|Any CPU.ActiveCfg = Release|Any CPU
		{AEF1EB2E-0346-4457-971D-0F87B0657563}.Release|Any CPU.Build.0 = Release|Any CPU
		{FD19415C-5AEB-4C7D-A345-C1079101C842}.Debug|Any CPU.ActiveCfg = Debug|Any CPU
		{FD19415C-5AEB-4C7D-A345-C1079101C842}.Debug|Any CPU.Build.0 = Debug|Any CPU
		{FD19415C-5AEB-4C7D-A345-C1079101C842}.Release|Any CPU.ActiveCfg = Release|Any CPU
		{FD19415C-5AEB-4C7D-A345-C1079101C842}.Release|Any CPU.Build.0 = Release|Any CPU
		{9DD7314E-3FFF-4109-B83C-13601A4FF2FD}.Debug|Any CPU.ActiveCfg = Debug|Any CPU
		{9DD7314E-3FFF-4109-B83C-13601A4FF2FD}.Debug|Any CPU.Build.0 = Debug|Any CPU
		{9DD7314E-3FFF-4109-B83C-13601A4FF2FD}.Release|Any CPU.ActiveCfg = Release|Any CPU
		{9DD7314E-3FFF-4109-B83C-13601A4FF2FD}.Release|Any CPU.Build.0 = Release|Any CPU
		{EEA3535A-7CA2-47DB-A2B0-612AD69FC2AD}.Debug|Any CPU.ActiveCfg = Debug|Any CPU
		{EEA3535A-7CA2-47DB-A2B0-612AD69FC2AD}.Debug|Any CPU.Build.0 = Debug|Any CPU
		{EEA3535A-7CA2-47DB-A2B0-612AD69FC2AD}.Release|Any CPU.ActiveCfg = Release|Any CPU
		{EEA3535A-7CA2-47DB-A2B0-612AD69FC2AD}.Release|Any CPU.Build.0 = Release|Any CPU
		{51F5857F-5B7B-4DE3-9F24-2DE5EC0F596D}.Debug|Any CPU.ActiveCfg = Debug|Any CPU
		{51F5857F-5B7B-4DE3-9F24-2DE5EC0F596D}.Debug|Any CPU.Build.0 = Debug|Any CPU
		{51F5857F-5B7B-4DE3-9F24-2DE5EC0F596D}.Release|Any CPU.ActiveCfg = Release|Any CPU
		{51F5857F-5B7B-4DE3-9F24-2DE5EC0F596D}.Release|Any CPU.Build.0 = Release|Any CPU
		{0ECB7630-5BC0-419B-8E29-662125FDA084}.Debug|Any CPU.ActiveCfg = Debug|Any CPU
		{0ECB7630-5BC0-419B-8E29-662125FDA084}.Debug|Any CPU.Build.0 = Debug|Any CPU
		{0ECB7630-5BC0-419B-8E29-662125FDA084}.Release|Any CPU.ActiveCfg = Release|Any CPU
		{0ECB7630-5BC0-419B-8E29-662125FDA084}.Release|Any CPU.Build.0 = Release|Any CPU
		{D87C1000-5C0B-498E-8CCA-D94AEF6C760B}.Debug|Any CPU.ActiveCfg = Debug|Any CPU
		{D87C1000-5C0B-498E-8CCA-D94AEF6C760B}.Debug|Any CPU.Build.0 = Debug|Any CPU
		{D87C1000-5C0B-498E-8CCA-D94AEF6C760B}.Release|Any CPU.ActiveCfg = Release|Any CPU
		{D87C1000-5C0B-498E-8CCA-D94AEF6C760B}.Release|Any CPU.Build.0 = Release|Any CPU
	EndGlobalSection
	GlobalSection(SolutionProperties) = preSolution
		HideSolutionNode = FALSE
	EndGlobalSection
	GlobalSection(NestedProjects) = preSolution
		{B0D575E0-0AE6-48BC-90E2-9E1ED018DCB0} = {F445625F-C30D-463B-87AD-D1C549481D6F}
		{8402DEC9-2F8F-4518-B34E-1B048409C881} = {B0D575E0-0AE6-48BC-90E2-9E1ED018DCB0}
		{1DA21E46-834D-4D26-8312-3FCE3024AF5B} = {B0D575E0-0AE6-48BC-90E2-9E1ED018DCB0}
		{FA26B600-7B6F-4D84-9698-5F5CB8029C08} = {B0D575E0-0AE6-48BC-90E2-9E1ED018DCB0}
		{D78082BC-0B18-4DDE-8ECA-C638BCEB83EA} = {B0D575E0-0AE6-48BC-90E2-9E1ED018DCB0}
		{830EA39F-C06A-472D-A361-E1F099205CEC} = {B0D575E0-0AE6-48BC-90E2-9E1ED018DCB0}
		{4CA3E237-DACE-4D45-87A2-AC4F34E86430} = {B0D575E0-0AE6-48BC-90E2-9E1ED018DCB0}
		{6EF1AB3F-1063-4D37-9ADF-8C9ADD060707} = {B0D575E0-0AE6-48BC-90E2-9E1ED018DCB0}
		{ED70BA36-5038-4897-9846-F0918C1E874C} = {B0D575E0-0AE6-48BC-90E2-9E1ED018DCB0}
		{D981BB0D-40A4-43A7-8AD7-041B95F35F09} = {F445625F-C30D-463B-87AD-D1C549481D6F}
		{0D4B07ED-3FB7-4D74-B0FD-719F22EA42E7} = {D1F9F57B-51FC-4F8E-BE94-27F2E1C28348}
		{160E9F64-C967-4247-AAAE-88195059404D} = {D981BB0D-40A4-43A7-8AD7-041B95F35F09}
		{F3BC87FD-D627-4639-952B-0A9AB2CF4186} = {F445625F-C30D-463B-87AD-D1C549481D6F}
		{EFDFD1DA-A651-4998-800A-B615F8374364} = {5D96F44D-C472-4A4F-98B2-AA82F2C6EA80}
		{5D96F44D-C472-4A4F-98B2-AA82F2C6EA80} = {F3BC87FD-D627-4639-952B-0A9AB2CF4186}
		{0BBCA423-D15E-4260-BB3E-6C97B51400CD} = {5D96F44D-C472-4A4F-98B2-AA82F2C6EA80}
		{86D4D391-339D-4B91-828B-0163177EDBC7} = {5D96F44D-C472-4A4F-98B2-AA82F2C6EA80}
		{5BD7F474-1D64-459C-AC5B-93DEF7E4BA2D} = {5D96F44D-C472-4A4F-98B2-AA82F2C6EA80}
		{902320E5-E8A7-451F-BE8A-6D2DA5D8B333} = {5D96F44D-C472-4A4F-98B2-AA82F2C6EA80}
		{5614BFA9-4359-46E4-9A32-065B88124F45} = {5D96F44D-C472-4A4F-98B2-AA82F2C6EA80}
		{332F0B5B-FF3C-4753-A3F4-5E137D1EA245} = {49077489-F88B-4F15-BCDC-08B152326F1D}
		{49077489-F88B-4F15-BCDC-08B152326F1D} = {F3BC87FD-D627-4639-952B-0A9AB2CF4186}
		{CE3BCC7A-3D28-4F2E-BB5C-85BF035380AB} = {49077489-F88B-4F15-BCDC-08B152326F1D}
		{D6303108-18E0-41C0-B01D-33B91BD7921D} = {49077489-F88B-4F15-BCDC-08B152326F1D}
		{5204BCE6-100D-475A-8E5A-CBA3AECAB36A} = {49077489-F88B-4F15-BCDC-08B152326F1D}
		{3D8645D3-D692-4258-8862-7DE6CB9CDBDD} = {49077489-F88B-4F15-BCDC-08B152326F1D}
		{EBC4441B-C5CE-43D6-82D8-9C39631A4E19} = {49077489-F88B-4F15-BCDC-08B152326F1D}
		{655D50FA-9231-4BE3-AC80-574936829F3F} = {F3BC87FD-D627-4639-952B-0A9AB2CF4186}
		{B096D314-F31D-415E-BA5C-3F6BC8C06E8F} = {655D50FA-9231-4BE3-AC80-574936829F3F}
		{381072D7-A7E6-42EF-8837-2935BF019DEA} = {655D50FA-9231-4BE3-AC80-574936829F3F}
		{54A2F92C-64E5-4041-92CC-A69210954334} = {655D50FA-9231-4BE3-AC80-574936829F3F}
		{28D7E7F0-1688-4321-829B-2F19436D4C19} = {655D50FA-9231-4BE3-AC80-574936829F3F}
		{562A172F-6E5F-40A7-9CFD-D42C3C2EB6DB} = {655D50FA-9231-4BE3-AC80-574936829F3F}
		{AEF1EB2E-0346-4457-971D-0F87B0657563} = {655D50FA-9231-4BE3-AC80-574936829F3F}
		{1B998BCF-06B2-4181-9C7B-37B19E09B928} = {F3BC87FD-D627-4639-952B-0A9AB2CF4186}
		{FD19415C-5AEB-4C7D-A345-C1079101C842} = {1B998BCF-06B2-4181-9C7B-37B19E09B928}
		{9DD7314E-3FFF-4109-B83C-13601A4FF2FD} = {1B998BCF-06B2-4181-9C7B-37B19E09B928}
		{EEA3535A-7CA2-47DB-A2B0-612AD69FC2AD} = {1B998BCF-06B2-4181-9C7B-37B19E09B928}
		{51F5857F-5B7B-4DE3-9F24-2DE5EC0F596D} = {1B998BCF-06B2-4181-9C7B-37B19E09B928}
		{0ECB7630-5BC0-419B-8E29-662125FDA084} = {1B998BCF-06B2-4181-9C7B-37B19E09B928}
		{D87C1000-5C0B-498E-8CCA-D94AEF6C760B} = {1B998BCF-06B2-4181-9C7B-37B19E09B928}
	EndGlobalSection
	GlobalSection(ExtensibilityGlobals) = postSolution
		SolutionGuid = {C5F694B0-49EB-4B71-BAA9-4CD837CD9D71}
	EndGlobalSection
EndGlobal
